// !$*UTF8*$!
{
	archiveVersion = 1;
	classes = {
	};
	objectVersion = 46;
	objects = {

/* Begin PBXBuildFile section */
		3DE34F0CE749C7C9856915F6 /* Pods_iOSChallenge1230.framework in Frameworks */ = {isa = PBXBuildFile; fileRef = A59B7A1F7760C4C11CC484E0 /* Pods_iOSChallenge1230.framework */; };
		AB5E2B1B1C34978A004A4479 /* AppDelegate.swift in Sources */ = {isa = PBXBuildFile; fileRef = AB5E2B1A1C34978A004A4479 /* AppDelegate.swift */; };
		AB5E2B1D1C34978A004A4479 /* ViewController.swift in Sources */ = {isa = PBXBuildFile; fileRef = AB5E2B1C1C34978A004A4479 /* ViewController.swift */; };
		AB5E2B201C34978A004A4479 /* Main.storyboard in Resources */ = {isa = PBXBuildFile; fileRef = AB5E2B1E1C34978A004A4479 /* Main.storyboard */; };
		AB5E2B221C34978A004A4479 /* Assets.xcassets in Resources */ = {isa = PBXBuildFile; fileRef = AB5E2B211C34978A004A4479 /* Assets.xcassets */; };
		AB5E2B251C34978A004A4479 /* LaunchScreen.storyboard in Resources */ = {isa = PBXBuildFile; fileRef = AB5E2B231C34978A004A4479 /* LaunchScreen.storyboard */; };
/* End PBXBuildFile section */

/* Begin PBXFileReference section */
		1844C27A999BF3B6DA43268F /* Pods-iOSChallenge1230.debug.xcconfig */ = {isa = PBXFileReference; includeInIndex = 1; lastKnownFileType = text.xcconfig; name = "Pods-iOSChallenge1230.debug.xcconfig"; path = "Pods/Target Support Files/Pods-iOSChallenge1230/Pods-iOSChallenge1230.debug.xcconfig"; sourceTree = "<group>"; };
		A59B7A1F7760C4C11CC484E0 /* Pods_iOSChallenge1230.framework */ = {isa = PBXFileReference; explicitFileType = wrapper.framework; includeInIndex = 0; path = Pods_iOSChallenge1230.framework; sourceTree = BUILT_PRODUCTS_DIR; };
		AB5E2B171C34978A004A4479 /* iOSChallenge1230.app */ = {isa = PBXFileReference; explicitFileType = wrapper.application; includeInIndex = 0; path = iOSChallenge1230.app; sourceTree = BUILT_PRODUCTS_DIR; };
		AB5E2B1A1C34978A004A4479 /* AppDelegate.swift */ = {isa = PBXFileReference; lastKnownFileType = sourcecode.swift; path = AppDelegate.swift; sourceTree = "<group>"; };
		AB5E2B1C1C34978A004A4479 /* ViewController.swift */ = {isa = PBXFileReference; lastKnownFileType = sourcecode.swift; path = ViewController.swift; sourceTree = "<group>"; };
		AB5E2B1F1C34978A004A4479 /* Base */ = {isa = PBXFileReference; lastKnownFileType = file.storyboard; name = Base; path = Base.lproj/Main.storyboard; sourceTree = "<group>"; };
		AB5E2B211C34978A004A4479 /* Assets.xcassets */ = {isa = PBXFileReference; lastKnownFileType = folder.assetcatalog; path = Assets.xcassets; sourceTree = "<group>"; };
		AB5E2B241C34978A004A4479 /* Base */ = {isa = PBXFileReference; lastKnownFileType = file.storyboard; name = Base; path = Base.lproj/LaunchScreen.storyboard; sourceTree = "<group>"; };
		AB5E2B261C34978A004A4479 /* Info.plist */ = {isa = PBXFileReference; lastKnownFileType = text.plist.xml; path = Info.plist; sourceTree = "<group>"; };
		CF575E8A058DDFFFEFAFF54F /* Pods-iOSChallenge1230.release.xcconfig */ = {isa = PBXFileReference; includeInIndex = 1; lastKnownFileType = text.xcconfig; name = "Pods-iOSChallenge1230.release.xcconfig"; path = "Pods/Target Support Files/Pods-iOSChallenge1230/Pods-iOSChallenge1230.release.xcconfig"; sourceTree = "<group>"; };
/* End PBXFileReference section */

/* Begin PBXFrameworksBuildPhase section */
		AB5E2B141C34978A004A4479 /* Frameworks */ = {
			isa = PBXFrameworksBuildPhase;
			buildActionMask = 2147483647;
			files = (
				3DE34F0CE749C7C9856915F6 /* Pods_iOSChallenge1230.framework in Frameworks */,
			);
			runOnlyForDeploymentPostprocessing = 0;
		};
/* End PBXFrameworksBuildPhase section */

/* Begin PBXGroup section */
		AB31C0E287143C84056F4E31 /* Pods */ = {
			isa = PBXGroup;
			children = (
				1844C27A999BF3B6DA43268F /* Pods-iOSChallenge1230.debug.xcconfig */,
				CF575E8A058DDFFFEFAFF54F /* Pods-iOSChallenge1230.release.xcconfig */,
			);
			name = Pods;
			sourceTree = "<group>";
		};
		AB5E2B0E1C34978A004A4479 = {
			isa = PBXGroup;
			children = (
				AB5E2B191C34978A004A4479 /* iOSChallenge1230 */,
				AB5E2B181C34978A004A4479 /* Products */,
				AB31C0E287143C84056F4E31 /* Pods */,
				FA81ECC47C32F1932C3A2334 /* Frameworks */,
			);
			sourceTree = "<group>";
		};
		AB5E2B181C34978A004A4479 /* Products */ = {
			isa = PBXGroup;
			children = (
				AB5E2B171C34978A004A4479 /* iOSChallenge1230.app */,
			);
			name = Products;
			sourceTree = "<group>";
		};
		AB5E2B191C34978A004A4479 /* iOSChallenge1230 */ = {
			isa = PBXGroup;
			children = (
				AB5E2B1A1C34978A004A4479 /* AppDelegate.swift */,
				AB5E2B1C1C34978A004A4479 /* ViewController.swift */,
				AB5E2B1E1C34978A004A4479 /* Main.storyboard */,
				AB5E2B211C34978A004A4479 /* Assets.xcassets */,
				AB5E2B231C34978A004A4479 /* LaunchScreen.storyboard */,
				AB5E2B261C34978A004A4479 /* Info.plist */,
			);
			path = iOSChallenge1230;
			sourceTree = "<group>";
		};
		FA81ECC47C32F1932C3A2334 /* Frameworks */ = {
			isa = PBXGroup;
			children = (
				A59B7A1F7760C4C11CC484E0 /* Pods_iOSChallenge1230.framework */,
			);
			name = Frameworks;
			sourceTree = "<group>";
		};
/* End PBXGroup section */

/* Begin PBXNativeTarget section */
		AB5E2B161C34978A004A4479 /* iOSChallenge1230 */ = {
			isa = PBXNativeTarget;
			buildConfigurationList = AB5E2B291C34978A004A4479 /* Build configuration list for PBXNativeTarget "iOSChallenge1230" */;
			buildPhases = (
				F5159E027B7BD82D0C037D09 /* Check Pods Manifest.lock */,
				AB5E2B131C34978A004A4479 /* Sources */,
				AB5E2B141C34978A004A4479 /* Frameworks */,
				AB5E2B151C34978A004A4479 /* Resources */,
				4AA8034AEA756A3DA5C2BC88 /* Embed Pods Frameworks */,
				32005EA03C29DF9CEE1B95CA /* Copy Pods Resources */,
			);
			buildRules = (
			);
			dependencies = (
			);
			name = iOSChallenge1230;
			productName = iOSChallenge1230;
			productReference = AB5E2B171C34978A004A4479 /* iOSChallenge1230.app */;
			productType = "com.apple.product-type.application";
		};
/* End PBXNativeTarget section */

/* Begin PBXProject section */
		AB5E2B0F1C34978A004A4479 /* Project object */ = {
			isa = PBXProject;
			attributes = {
				LastSwiftUpdateCheck = 0710;
				LastUpgradeCheck = 0710;
				ORGANIZATIONNAME = JPRODUCTION;
				TargetAttributes = {
					AB5E2B161C34978A004A4479 = {
						CreatedOnToolsVersion = 7.1.1;
					};
				};
			};
			buildConfigurationList = AB5E2B121C34978A004A4479 /* Build configuration list for PBXProject "iOSChallenge1230" */;
			compatibilityVersion = "Xcode 3.2";
			developmentRegion = English;
			hasScannedForEncodings = 0;
			knownRegions = (
				en,
				Base,
			);
			mainGroup = AB5E2B0E1C34978A004A4479;
			productRefGroup = AB5E2B181C34978A004A4479 /* Products */;
			projectDirPath = "";
			projectRoot = "";
			targets = (
				AB5E2B161C34978A004A4479 /* iOSChallenge1230 */,
			);
		};
/* End PBXProject section */

/* Begin PBXResourcesBuildPhase section */
		AB5E2B151C34978A004A4479 /* Resources */ = {
			isa = PBXResourcesBuildPhase;
			buildActionMask = 2147483647;
			files = (
				AB5E2B251C34978A004A4479 /* LaunchScreen.storyboard in Resources */,
				AB5E2B221C34978A004A4479 /* Assets.xcassets in Resources */,
				AB5E2B201C34978A004A4479 /* Main.storyboard in Resources */,
			);
			runOnlyForDeploymentPostprocessing = 0;
		};
/* End PBXResourcesBuildPhase section */

/* Begin PBXShellScriptBuildPhase section */
		32005EA03C29DF9CEE1B95CA /* Copy Pods Resources */ = {
			isa = PBXShellScriptBuildPhase;
			buildActionMask = 2147483647;
			files = (
			);
			inputPaths = (
			);
			name = "Copy Pods Resources";
			outputPaths = (
			);
			runOnlyForDeploymentPostprocessing = 0;
			shellPath = /bin/sh;
			shellScript = "\"${SRCROOT}/Pods/Target Support Files/Pods-iOSChallenge1230/Pods-iOSChallenge1230-resources.sh\"\n";
			showEnvVarsInLog = 0;
		};
		4AA8034AEA756A3DA5C2BC88 /* Embed Pods Frameworks */ = {
			isa = PBXShellScriptBuildPhase;
			buildActionMask = 2147483647;
			files = (
			);
			inputPaths = (
			);
			name = "Embed Pods Frameworks";
			outputPaths = (
			);
			runOnlyForDeploymentPostprocessing = 0;
			shellPath = /bin/sh;
			shellScript = "\"${SRCROOT}/Pods/Target Support Files/Pods-iOSChallenge1230/Pods-iOSChallenge1230-frameworks.sh\"\n";
			showEnvVarsInLog = 0;
		};
		F5159E027B7BD82D0C037D09 /* Check Pods Manifest.lock */ = {
			isa = PBXShellScriptBuildPhase;
			buildActionMask = 2147483647;
			files = (
			);
			inputPaths = (
			);
			name = "Check Pods Manifest.lock";
			outputPaths = (
			);
			runOnlyForDeploymentPostprocessing = 0;
			shellPath = /bin/sh;
			shellScript = "diff \"${PODS_ROOT}/../Podfile.lock\" \"${PODS_ROOT}/Manifest.lock\" > /dev/null\nif [[ $? != 0 ]] ; then\n    cat << EOM\nerror: The sandbox is not in sync with the Podfile.lock. Run 'pod install' or update your CocoaPods installation.\nEOM\n    exit 1\nfi\n";
			showEnvVarsInLog = 0;
		};
/* End PBXShellScriptBuildPhase section */

/* Begin PBXSourcesBuildPhase section */
		AB5E2B131C34978A004A4479 /* Sources */ = {
			isa = PBXSourcesBuildPhase;
			buildActionMask = 2147483647;
			files = (
				AB5E2B1D1C34978A004A4479 /* ViewController.swift in Sources */,
				AB5E2B1B1C34978A004A4479 /* AppDelegate.swift in Sources */,
			);
			runOnlyForDeploymentPostprocessing = 0;
		};
/* End PBXSourcesBuildPhase section */

/* Begin PBXVariantGroup section */
		AB5E2B1E1C34978A004A4479 /* Main.storyboard */ = {
			isa = PBXVariantGroup;
			children = (
				AB5E2B1F1C34978A004A4479 /* Base */,
			);
			name = Main.storyboard;
			sourceTree = "<group>";
		};
		AB5E2B231C34978A004A4479 /* LaunchScreen.storyboard */ = {
			isa = PBXVariantGroup;
			children = (
				AB5E2B241C34978A004A4479 /* Base */,
			);
			name = LaunchScreen.storyboard;
			sourceTree = "<group>";
		};
/* End PBXVariantGroup section */

/* Begin XCBuildConfiguration section */
		AB5E2B271C34978A004A4479 /* Debug */ = {
			isa = XCBuildConfiguration;
			buildSettings = {
				ALWAYS_SEARCH_USER_PATHS = NO;
				CLANG_CXX_LANGUAGE_STANDARD = "gnu++0x";
				CLANG_CXX_LIBRARY = "libc++";
				CLANG_ENABLE_MODULES = YES;
				CLANG_ENABLE_OBJC_ARC = YES;
				CLANG_WARN_BOOL_CONVERSION = YES;
				CLANG_WARN_CONSTANT_CONVERSION = YES;
				CLANG_WARN_DIRECT_OBJC_ISA_USAGE = YES_ERROR;
				CLANG_WARN_EMPTY_BODY = YES;
				CLANG_WARN_ENUM_CONVERSION = YES;
				CLANG_WARN_INT_CONVERSION = YES;
				CLANG_WARN_OBJC_ROOT_CLASS = YES_ERROR;
				CLANG_WARN_UNREACHABLE_CODE = YES;
				CLANG_WARN__DUPLICATE_METHOD_MATCH = YES;
				"CODE_SIGN_IDENTITY[sdk=iphoneos*]" = "iPhone Developer";
				COPY_PHASE_STRIP = NO;
				DEBUG_INFORMATION_FORMAT = dwarf;
				ENABLE_STRICT_OBJC_MSGSEND = YES;
				ENABLE_TESTABILITY = YES;
				GCC_C_LANGUAGE_STANDARD = gnu99;
				GCC_DYNAMIC_NO_PIC = NO;
				GCC_NO_COMMON_BLOCKS = YES;
				GCC_OPTIMIZATION_LEVEL = 0;
				GCC_PREPROCESSOR_DEFINITIONS = (
					"DEBUG=1",
					"$(inherited)",
				);
				GCC_WARN_64_TO_32_BIT_CONVERSION = YES;
				GCC_WARN_ABOUT_RETURN_TYPE = YES_ERROR;
				GCC_WARN_UNDECLARED_SELECTOR = YES;
				GCC_WARN_UNINITIALIZED_AUTOS = YES_AGGRESSIVE;
				GCC_WARN_UNUSED_FUNCTION = YES;
				GCC_WARN_UNUSED_VARIABLE = YES;
				IPHONEOS_DEPLOYMENT_TARGET = 9.1;
				MTL_ENABLE_DEBUG_INFO = YES;
				ONLY_ACTIVE_ARCH = YES;
				SDKROOT = iphoneos;
				SWIFT_OPTIMIZATION_LEVEL = "-Onone";
				TARGETED_DEVICE_FAMILY = "1,2";
			};
			name = Debug;
		};
		AB5E2B281C34978A004A4479 /* Release */ = {
			isa = XCBuildConfiguration;
			buildSettings = {
				ALWAYS_SEARCH_USER_PATHS = NO;
				CLANG_CXX_LANGUAGE_STANDARD = "gnu++0x";
				CLANG_CXX_LIBRARY = "libc++";
				CLANG_ENABLE_MODULES = YES;
				CLANG_ENABLE_OBJC_ARC = YES;
				CLANG_WARN_BOOL_CONVERSION = YES;
				CLANG_WARN_CONSTANT_CONVERSION = YES;
				CLANG_WARN_DIRECT_OBJC_ISA_USAGE = YES_ERROR;
				CLANG_WARN_EMPTY_BODY = YES;
				CLANG_WARN_ENUM_CONVERSION = YES;
				CLANG_WARN_INT_CONVERSION = YES;
				CLANG_WARN_OBJC_ROOT_CLASS = YES_ERROR;
				CLANG_WARN_UNREACHABLE_CODE = YES;
				CLANG_WARN__DUPLICATE_METHOD_MATCH = YES;
				"CODE_SIGN_IDENTITY[sdk=iphoneos*]" = "iPhone Developer";
				COPY_PHASE_STRIP = NO;
				DEBUG_INFORMATION_FORMAT = "dwarf-with-dsym";
				ENABLE_NS_ASSERTIONS = NO;
				ENABLE_STRICT_OBJC_MSGSEND = YES;
				GCC_C_LANGUAGE_STANDARD = gnu99;
				GCC_NO_COMMON_BLOCKS = YES;
				GCC_WARN_64_TO_32_BIT_CONVERSION = YES;
				GCC_WARN_ABOUT_RETURN_TYPE = YES_ERROR;
				GCC_WARN_UNDECLARED_SELECTOR = YES;
				GCC_WARN_UNINITIALIZED_AUTOS = YES_AGGRESSIVE;
				GCC_WARN_UNUSED_FUNCTION = YES;
				GCC_WARN_UNUSED_VARIABLE = YES;
				IPHONEOS_DEPLOYMENT_TARGET = 9.1;
				MTL_ENABLE_DEBUG_INFO = NO;
				SDKROOT = iphoneos;
				TARGETED_DEVICE_FAMILY = "1,2";
				VALIDATE_PRODUCT = YES;
			};
			name = Release;
		};
		AB5E2B2A1C34978A004A4479 /* Debug */ = {
			isa = XCBuildConfiguration;
			baseConfigurationReference = 1844C27A999BF3B6DA43268F /* Pods-iOSChallenge1230.debug.xcconfig */;
			buildSettings = {
				ASSETCATALOG_COMPILER_APPICON_NAME = AppIcon;
				INFOPLIST_FILE = iOSChallenge1230/Info.plist;
				LD_RUNPATH_SEARCH_PATHS = "$(inherited) @executable_path/Frameworks";
				PRODUCT_BUNDLE_IDENTIFIER = "com.Jordan-Olson.iOSChallenge1230";
				PRODUCT_NAME = "$(TARGET_NAME)";
			};
			name = Debug;
		};
		AB5E2B2B1C34978A004A4479 /* Release */ = {
			isa = XCBuildConfiguration;
			baseConfigurationReference = CF575E8A058DDFFFEFAFF54F /* Pods-iOSChallenge1230.release.xcconfig */;
			buildSettings = {
				ASSETCATALOG_COMPILER_APPICON_NAME = AppIcon;
				INFOPLIST_FILE = iOSChallenge1230/Info.plist;
				LD_RUNPATH_SEARCH_PATHS = "$(inherited) @executable_path/Frameworks";
				PRODUCT_BUNDLE_IDENTIFIER = "com.Jordan-Olson.iOSChallenge1230";
				PRODUCT_NAME = "$(TARGET_NAME)";
			};
			name = Release;
		};
/* End XCBuildConfiguration section */

/* Begin XCConfigurationList section */
		AB5E2B121C34978A004A4479 /* Build configuration list for PBXProject "iOSChallenge1230" */ = {
			isa = XCConfigurationList;
			buildConfigurations = (
				AB5E2B271C34978A004A4479 /* Debug */,
				AB5E2B281C34978A004A4479 /* Release */,
			);
			defaultConfigurationIsVisible = 0;
			defaultConfigurationName = Release;
		};
		AB5E2B291C34978A004A4479 /* Build configuration list for PBXNativeTarget "iOSChallenge1230" */ = {
			isa = XCConfigurationList;
			buildConfigurations = (
				AB5E2B2A1C34978A004A4479 /* Debug */,
				AB5E2B2B1C34978A004A4479 /* Release */,
			);
			defaultConfigurationIsVisible = 0;
			defaultConfigurationName = Release;
		};
/* End XCConfigurationList section */
	};
	rootObject = AB5E2B0F1C34978A004A4479 /* Project object */;
}
